{
  "name": "React",
  "lockfileVersion": 3,
  "requires": true,
  "packages": {
    "": {
      "dependencies": {
        "fundebug-javascript": "^2.8.8"
      }
    },
    "node_modules/@bugsnag/safe-json-stringify": {
      "version": "6.0.0",
      "resolved": "https://registry.npmmirror.com/@bugsnag/safe-json-stringify/-/safe-json-stringify-6.0.0.tgz",
      "integrity": "sha512-htzFO1Zc57S8kgdRK9mLcPVTW1BY2ijfH7Dk2CeZmspTWKdKqSo1iwmqrq2WtRjFlo8aRZYgLX0wFrDXF/9DLA==",
      "license": "MIT"
    },
    "node_modules/fundebug-javascript": {
      "version": "2.8.8",
      "resolved": "https://registry.npmmirror.com/fundebug-javascript/-/fundebug-javascript-2.8.8.tgz",
      "integrity": "sha512-7F8usYnRfwIkYHDC2RGAyXQ/muE3+NRLjT9CxXUQH6JUSjewRPVqj9Eb7/McTc4ZtAGAdMlLk08vYK04uNyEEQ==",
      "dependencies": {
        "@bugsnag/safe-json-stringify": "^6.0.0"
      }
    }
  }
}
